
Microsoft Visual Studio Solution File, Format Version 12.00
# Visual Studio Version 17
VisualStudioVersion = 17.11.35327.3
MinimumVisualStudioVersion = 10.0.40219.1
Project("{FAE04EC0-301F-11D3-BF4B-00C04F79EFBC}") = "NSGAII", "NSGAII\NSGAII.csproj", "{D2327289-4E45-4A5D-AD07-A3F45E00C663}"
EndProject
Global
	GlobalSection(SolutionConfigurationPlatforms) = preSolution
		Debug|Any CPU = Debug|Any CPU
		Release|Any CPU = Release|Any CPU
	EndGlobalSection
	GlobalSection(ProjectConfigurationPlatforms) = postSolution
		{D2327289-4E45-4A5D-AD07-A3F45E00C663}.Debug|Any CPU.ActiveCfg = Debug|Any CPU
		{D2327289-4E45-4A5D-AD07-A3F45E00C663}.Debug|Any CPU.Build.0 = Debug|Any CPU
		{D2327289-4E45-4A5D-AD07-A3F45E00C663}.Release|Any CPU.ActiveCfg = Release|Any CPU
		{D2327289-4E45-4A5D-AD07-A3F45E00C663}.Release|Any CPU.Build.0 = Release|Any CPU
	EndGlobalSection
	GlobalSection(SolutionProperties) = preSolution
		HideSolutionNode = FALSE
	EndGlobalSection
	GlobalSection(ExtensibilityGlobals) = postSolution
		SolutionGuid = {69D28528-D7BF-41E5-A07E-EC201E7856F4}
	EndGlobalSection
EndGlobal
